
Microsoft Visual Studio Solution File, Format Version 12.00
# Visual Studio 15
VisualStudioVersion = 15.0.26430.15
MinimumVisualStudioVersion = 10.0.40219.1
Project("{FAE04EC0-301F-11D3-BF4B-00C04F79EFBC}") = "Lecture05-Example01", "Lecture05-Example01\Lecture05-Example01.csproj", "{AD38659C-7144-4548-9A4A-B276FFCE2174}"
EndProject
Project("{FAE04EC0-301F-11D3-BF4B-00C04F79EFBC}") = "Lecture05-Example02", "Example02\Lecture05-Example02.csproj", "{3C67BA1B-F545-4FF6-AA2F-8C93F4F37AA6}"
EndProject
Project("{FAE04EC0-301F-11D3-BF4B-00C04F79EFBC}") = "Lecture05-Example03", "Lecture05-Example03\Lecture05-Example03.csproj", "{7B419547-6A92-4CFE-935A-7DB7DFBBB69A}"
EndProject
Project("{FAE04EC0-301F-11D3-BF4B-00C04F79EFBC}") = "Lecture05-Example04", "Lecture05-Example04\Lecture05-Example04.csproj", "{16A5106D-A63F-4725-B8F9-736AD2FAC8C4}"
EndProject
Project("{FAE04EC0-301F-11D3-BF4B-00C04F79EFBC}") = "Lecture-Example05", "Example05\Lecture-Example05.csproj", "{A0DD20A5-DDCF-4DC6-8F93-4C353BAD9ABF}"
EndProject
Project("{FAE04EC0-301F-11D3-BF4B-00C04F79EFBC}") = "Lecture05-Example06", "Lecture05-Example06\Lecture05-Example06.csproj", "{1C391EA4-8395-4907-952F-C214518505A4}"
EndProject
Global
	GlobalSection(SolutionConfigurationPlatforms) = preSolution
		Debug|Any CPU = Debug|Any CPU
		Release|Any CPU = Release|Any CPU
	EndGlobalSection
	GlobalSection(ProjectConfigurationPlatforms) = postSolution
		{AD38659C-7144-4548-9A4A-B276FFCE2174}.Debug|Any CPU.ActiveCfg = Debug|Any CPU
		{AD38659C-7144-4548-9A4A-B276FFCE2174}.Debug|Any CPU.Build.0 = Debug|Any CPU
		{AD38659C-7144-4548-9A4A-B276FFCE2174}.Release|Any CPU.ActiveCfg = Release|Any CPU
		{AD38659C-7144-4548-9A4A-B276FFCE2174}.Release|Any CPU.Build.0 = Release|Any CPU
		{3C67BA1B-F545-4FF6-AA2F-8C93F4F37AA6}.Debug|Any CPU.ActiveCfg = Debug|Any CPU
		{3C67BA1B-F545-4FF6-AA2F-8C93F4F37AA6}.Debug|Any CPU.Build.0 = Debug|Any CPU
		{3C67BA1B-F545-4FF6-AA2F-8C93F4F37AA6}.Release|Any CPU.ActiveCfg = Release|Any CPU
		{3C67BA1B-F545-4FF6-AA2F-8C93F4F37AA6}.Release|Any CPU.Build.0 = Release|Any CPU
		{7B419547-6A92-4CFE-935A-7DB7DFBBB69A}.Debug|Any CPU.ActiveCfg = Debug|Any CPU
		{7B419547-6A92-4CFE-935A-7DB7DFBBB69A}.Debug|Any CPU.Build.0 = Debug|Any CPU
		{7B419547-6A92-4CFE-935A-7DB7DFBBB69A}.Release|Any CPU.ActiveCfg = Release|Any CPU
		{7B419547-6A92-4CFE-935A-7DB7DFBBB69A}.Release|Any CPU.Build.0 = Release|Any CPU
		{16A5106D-A63F-4725-B8F9-736AD2FAC8C4}.Debug|Any CPU.ActiveCfg = Debug|Any CPU
		{16A5106D-A63F-4725-B8F9-736AD2FAC8C4}.Debug|Any CPU.Build.0 = Debug|Any CPU
		{16A5106D-A63F-4725-B8F9-736AD2FAC8C4}.Release|Any CPU.ActiveCfg = Release|Any CPU
		{16A5106D-A63F-4725-B8F9-736AD2FAC8C4}.Release|Any CPU.Build.0 = Release|Any CPU
		{A0DD20A5-DDCF-4DC6-8F93-4C353BAD9ABF}.Debug|Any CPU.ActiveCfg = Debug|Any CPU
		{A0DD20A5-DDCF-4DC6-8F93-4C353BAD9ABF}.Debug|Any CPU.Build.0 = Debug|Any CPU
		{A0DD20A5-DDCF-4DC6-8F93-4C353BAD9ABF}.Release|Any CPU.ActiveCfg = Release|Any CPU
		{A0DD20A5-DDCF-4DC6-8F93-4C353BAD9ABF}.Release|Any CPU.Build.0 = Release|Any CPU
		{1C391EA4-8395-4907-952F-C214518505A4}.Debug|Any CPU.ActiveCfg = Debug|Any CPU
		{1C391EA4-8395-4907-952F-C214518505A4}.Debug|Any CPU.Build.0 = Debug|Any CPU
		{1C391EA4-8395-4907-952F-C214518505A4}.Release|Any CPU.ActiveCfg = Release|Any CPU
		{1C391EA4-8395-4907-952F-C214518505A4}.Release|Any CPU.Build.0 = Release|Any CPU
	EndGlobalSection
	GlobalSection(SolutionProperties) = preSolution
		HideSolutionNode = FALSE
	EndGlobalSection
EndGlobal
